PODS:
  - FBSnapshotTestCase (2.1.2):
    - FBSnapshotTestCase/SwiftSupport (= 2.1.2)
  - FBSnapshotTestCase/Core (2.1.2)
  - FBSnapshotTestCase/SwiftSupport (2.1.2):
    - FBSnapshotTestCase/Core
  - FMDB (2.6.2):
    - FMDB/standard (= 2.6.2)
  - FMDB/standard (2.6.2)
  - FNVoiceManagerPod (0.1.0):
    - FMDB

DEPENDENCIES:
  - FBSnapshotTestCase
  - FNVoiceManagerPod (from `../`)

EXTERNAL SOURCES:
  FNVoiceManagerPod:
    :path: ../

SPEC CHECKSUMS:
  FBSnapshotTestCase: 918c55861356ee83aee7843d759f55a18ff6982b
  FMDB: 854a0341b4726e53276f2a8996f06f1b80f9259a
  FNVoiceManagerPod: 6b4653703e0691b7bb8b10407617c5a6d47d9247

PODFILE CHECKSUM: 4cd5ec90673dd79c53eab6e50eeda3051756dc18

COCOAPODS: 1.0.1
